
Microsoft Visual Studio Solution File, Format Version 12.00
# Visual Studio Version 16
VisualStudioVersion = 16.0.31129.286
MinimumVisualStudioVersion = 10.0.40219.1
Project("{FAE04EC0-301F-11D3-BF4B-00C04F79EFBC}") = "Digital Clock", "Digital Clock.csproj", "{5E99E4C5-9E98-4BB0-B001-2464240CBD3C}"
EndProject
Global
	GlobalSection(SolutionConfigurationPlatforms) = preSolution
		Debug|Any CPU = Debug|Any CPU
		Release|Any CPU = Release|Any CPU
	EndGlobalSection
	GlobalSection(ProjectConfigurationPlatforms) = postSolution
		{5E99E4C5-9E98-4BB0-B001-2464240CBD3C}.Debug|Any CPU.ActiveCfg = Debug|Any CPU
		{5E99E4C5-9E98-4BB0-B001-2464240CBD3C}.Debug|Any CPU.Build.0 = Debug|Any CPU
		{5E99E4C5-9E98-4BB0-B001-2464240CBD3C}.Release|Any CPU.ActiveCfg = Release|Any CPU
		{5E99E4C5-9E98-4BB0-B001-2464240CBD3C}.Release|Any CPU.Build.0 = Release|Any CPU
	EndGlobalSection
	GlobalSection(SolutionProperties) = preSolution
		HideSolutionNode = FALSE
	EndGlobalSection
	GlobalSection(ExtensibilityGlobals) = postSolution
		SolutionGuid = {F53A5904-0872-433B-9755-981DE28D6FAB}
	EndGlobalSection
EndGlobal
