
Microsoft Visual Studio Solution File, Format Version 12.00
# Visual Studio Version 16
VisualStudioVersion = 16.0.31129.286
MinimumVisualStudioVersion = 10.0.40219.1
Project("{FAE04EC0-301F-11D3-BF4B-00C04F79EFBC}") = "EmailForm", "EmailForm.csproj", "{E1E5F3EC-D537-4F9C-8F69-0424793263EC}"
EndProject
Global
	GlobalSection(SolutionConfigurationPlatforms) = preSolution
		Debug|Any CPU = Debug|Any CPU
		Release|Any CPU = Release|Any CPU
	EndGlobalSection
	GlobalSection(ProjectConfigurationPlatforms) = postSolution
		{E1E5F3EC-D537-4F9C-8F69-0424793263EC}.Debug|Any CPU.ActiveCfg = Debug|Any CPU
		{E1E5F3EC-D537-4F9C-8F69-0424793263EC}.Debug|Any CPU.Build.0 = Debug|Any CPU
		{E1E5F3EC-D537-4F9C-8F69-0424793263EC}.Release|Any CPU.ActiveCfg = Release|Any CPU
		{E1E5F3EC-D537-4F9C-8F69-0424793263EC}.Release|Any CPU.Build.0 = Release|Any CPU
	EndGlobalSection
	GlobalSection(SolutionProperties) = preSolution
		HideSolutionNode = FALSE
	EndGlobalSection
	GlobalSection(ExtensibilityGlobals) = postSolution
		SolutionGuid = {18EA5F19-050D-43B5-889C-F0C813681FBC}
	EndGlobalSection
EndGlobal
